
Microsoft Visual Studio Solution File, Format Version 12.00
# Visual Studio Version 17
VisualStudioVersion = 17.9.34723.18
MinimumVisualStudioVersion = 10.0.40219.1
Project("{9A19103F-16F7-4668-BE54-9A1E7A4F7556}") = "MotorcycleDeliveryRentWebAPI", "MotorcycleDeliveryRentWebAPI\MotorcycleDeliveryRentWebAPI.csproj", "{EE23EA67-0FF6-49DD-908B-89C75E6CC4AA}"
EndProject
Project("{E53339B2-1760-4266-BCC7-CA923CBCF16C}") = "docker-compose", "docker-compose.dcproj", "{7405F6F3-F513-4B32-BD54-CE0A52D568A7}"
EndProject
Project("{FAE04EC0-301F-11D3-BF4B-00C04F79EFBC}") = "Api.Tests", "Api.Tests\Api.Tests.csproj", "{895678C4-9721-4BE8-8BBB-A82344F5B42D}"
EndProject
Global
	GlobalSection(SolutionConfigurationPlatforms) = preSolution
		Debug|Any CPU = Debug|Any CPU
		Release|Any CPU = Release|Any CPU
	EndGlobalSection
	GlobalSection(ProjectConfigurationPlatforms) = postSolution
		{EE23EA67-0FF6-49DD-908B-89C75E6CC4AA}.Debug|Any CPU.ActiveCfg = Debug|Any CPU
		{EE23EA67-0FF6-49DD-908B-89C75E6CC4AA}.Debug|Any CPU.Build.0 = Debug|Any CPU
		{EE23EA67-0FF6-49DD-908B-89C75E6CC4AA}.Release|Any CPU.ActiveCfg = Release|Any CPU
		{EE23EA67-0FF6-49DD-908B-89C75E6CC4AA}.Release|Any CPU.Build.0 = Release|Any CPU
		{7405F6F3-F513-4B32-BD54-CE0A52D568A7}.Debug|Any CPU.ActiveCfg = Debug|Any CPU
		{7405F6F3-F513-4B32-BD54-CE0A52D568A7}.Debug|Any CPU.Build.0 = Debug|Any CPU
		{7405F6F3-F513-4B32-BD54-CE0A52D568A7}.Release|Any CPU.ActiveCfg = Release|Any CPU
		{7405F6F3-F513-4B32-BD54-CE0A52D568A7}.Release|Any CPU.Build.0 = Release|Any CPU
		{895678C4-9721-4BE8-8BBB-A82344F5B42D}.Debug|Any CPU.ActiveCfg = Debug|Any CPU
		{895678C4-9721-4BE8-8BBB-A82344F5B42D}.Debug|Any CPU.Build.0 = Debug|Any CPU
		{895678C4-9721-4BE8-8BBB-A82344F5B42D}.Release|Any CPU.ActiveCfg = Release|Any CPU
		{895678C4-9721-4BE8-8BBB-A82344F5B42D}.Release|Any CPU.Build.0 = Release|Any CPU
	EndGlobalSection
	GlobalSection(SolutionProperties) = preSolution
		HideSolutionNode = FALSE
	EndGlobalSection
	GlobalSection(ExtensibilityGlobals) = postSolution
		SolutionGuid = {6BE0149D-3559-4FDA-94F9-3F8D4888A86E}
	EndGlobalSection
EndGlobal
